
Microsoft Visual Studio Solution File, Format Version 12.00
# Visual Studio Version 16
VisualStudioVersion = 16.0.31702.278
MinimumVisualStudioVersion = 10.0.40219.1
Project("{FAE04EC0-301F-11D3-BF4B-00C04F79EFBC}") = "Gas n Go", "Gas n Go.csproj", "{EF7C11F9-548B-45F9-8BA6-E629E7569582}"
EndProject
Global
	GlobalSection(SolutionConfigurationPlatforms) = preSolution
		Debug|Any CPU = Debug|Any CPU
		Release|Any CPU = Release|Any CPU
	EndGlobalSection
	GlobalSection(ProjectConfigurationPlatforms) = postSolution
		{EF7C11F9-548B-45F9-8BA6-E629E7569582}.Debug|Any CPU.ActiveCfg = Debug|Any CPU
		{EF7C11F9-548B-45F9-8BA6-E629E7569582}.Debug|Any CPU.Build.0 = Debug|Any CPU
		{EF7C11F9-548B-45F9-8BA6-E629E7569582}.Release|Any CPU.ActiveCfg = Release|Any CPU
		{EF7C11F9-548B-45F9-8BA6-E629E7569582}.Release|Any CPU.Build.0 = Release|Any CPU
	EndGlobalSection
	GlobalSection(SolutionProperties) = preSolution
		HideSolutionNode = FALSE
	EndGlobalSection
	GlobalSection(ExtensibilityGlobals) = postSolution
		SolutionGuid = {73124F9A-AE47-4A04-ADE7-0365651A185B}
	EndGlobalSection
EndGlobal
